
Microsoft Visual Studio Solution File, Format Version 12.00
# Visual Studio Version 17
VisualStudioVersion = 17.11.35312.102
MinimumVisualStudioVersion = 10.0.40219.1
Project("{FAE04EC0-301F-11D3-BF4B-00C04F79EFBC}") = "SNJ.RPA.App", "SNJ.RPA.App\SNJ.RPA.App.csproj", "{CFEA6CA0-FCF8-40A5-BD3C-9CA44C2AC698}"
EndProject
Global
	GlobalSection(SolutionConfigurationPlatforms) = preSolution
		Debug|Any CPU = Debug|Any CPU
		Release|Any CPU = Release|Any CPU
	EndGlobalSection
	GlobalSection(ProjectConfigurationPlatforms) = postSolution
		{CFEA6CA0-FCF8-40A5-BD3C-9CA44C2AC698}.Debug|Any CPU.ActiveCfg = Debug|Any CPU
		{CFEA6CA0-FCF8-40A5-BD3C-9CA44C2AC698}.Debug|Any CPU.Build.0 = Debug|Any CPU
		{CFEA6CA0-FCF8-40A5-BD3C-9CA44C2AC698}.Release|Any CPU.ActiveCfg = Release|Any CPU
		{CFEA6CA0-FCF8-40A5-BD3C-9CA44C2AC698}.Release|Any CPU.Build.0 = Release|Any CPU
	EndGlobalSection
	GlobalSection(SolutionProperties) = preSolution
		HideSolutionNode = FALSE
	EndGlobalSection
	GlobalSection(ExtensibilityGlobals) = postSolution
		SolutionGuid = {049D7438-FB82-4894-94EC-70DF5BF6AD4F}
	EndGlobalSection
EndGlobal
